github.com/HimbeerserverDE/mt v0.0.0-20260821120253-7d1d3af7c7d4 h1:g/TakJd7FnvkfHeLxrmUlK+j0nqTvf4e8xt8xZDaY/w=
github.com/HimbeerserverDE/mt v0.0.0-20260821120253-7d1d3af7c7d4/go.mod h1:XBuQTTN4Z8qkj+NrPGT5Iwq+4rriH6wu+iI5xuJJRRw=
github.com/HimbeerserverDE/srp v0.0.0 h1:Iy2GIF7DJphXXO9NjncLEBO6VsZd8Yhrlxl/qTr09eE=
github.com/HimbeerserverDE/srp v0.0.0/go.mod h1:pxNH8S2nh4n2DWE0ToX5GnnDr/uEAuaAhJsCpkDLIWw=
github.com/klauspost/compress v1.20.1 h1:T7kKElXUMXrUJ2E9QhQhxFtcK5rPyLdsGZvdbLMPdiQ=
github.com/klauspost/compress v1.20.1/go.mod h1:LUdAzn7YLVvxLpc7y3V1m40wESHTgc1422pwwBSKYuI=
